
Microsoft Visual Studio Solution File, Format Version 12.00
# Visual Studio Version 17
VisualStudioVersion = 17.12.35527.113
MinimumVisualStudioVersion = 10.0.40219.1
Project("{FAE04EC0-301F-11D3-BF4B-00C04F79EFBC}") = "NegotiationRedone", "NegotiationRedone\NegotiationRedone.csproj", "{AE6E0646-EB8B-4987-A380-0C4FF1B9E380}"
EndProject
Project("{FAE04EC0-301F-11D3-BF4B-00C04F79EFBC}") = "Elin", "Elin\Elin.csproj", "{791F937E-9181-4171-8D5A-1409FDE4DD0B}"
EndProject
Project("{FAE04EC0-301F-11D3-BF4B-00C04F79EFBC}") = "FullCodexBrowser", "FullCodexBrowser\FullCodexBrowser.csproj", "{0E97FD3E-1C1D-475C-9545-42ABEF12AE66}"
EndProject
Project("{FAE04EC0-301F-11D3-BF4B-00C04F79EFBC}") = "FastTravelRedone", "FastTravelRedone\FastTravelRedone.csproj", "{34CC627C-1D35-4872-A3BC-6E84D7655BB7}"
EndProject
Project("{FAE04EC0-301F-11D3-BF4B-00C04F79EFBC}") = "GoAroundThatTree", "GoAroundThatTree\GoAroundThatTree.csproj", "{18FCA34D-C36F-4EFB-98B0-0F4FB75A1503}"
EndProject
Project("{FAE04EC0-301F-11D3-BF4B-00C04F79EFBC}") = "CustomSkillPotentialCost", "CustomSkillPotentialCost\CustomSkillPotentialCost.csproj", "{7C534396-A39A-CDA1-97EC-4F37877B6E10}"
EndProject
Project("{FAE04EC0-301F-11D3-BF4B-00C04F79EFBC}") = "DisablePotentialDecrease", "DisablePotentialDecrease\DisablePotentialDecrease.csproj", "{E21282B2-180A-813F-D249-079700AD3078}"
EndProject
Project("{2150E333-8FDC-42A3-9474-1A3956D46DE8}") = "Solution Items", "Solution Items", "{8EC462FD-D22E-90A8-E5CE-7E832BA40C5D}"
	ProjectSection(SolutionItems) = preProject
		.editorconfig = .editorconfig
	EndProjectSection
EndProject
Project("{FAE04EC0-301F-11D3-BF4B-00C04F79EFBC}") = "Examples", "Examples\Examples.csproj", "{4231C2B0-5AEB-2EC9-2588-94FF03EC9E9D}"
EndProject
Project("{FAE04EC0-301F-11D3-BF4B-00C04F79EFBC}") = "RestForStamina", "RestForStamina\RestForStamina.csproj", "{8B4F427B-B622-2AC7-E715-C618FF705527}"
EndProject
Project("{FAE04EC0-301F-11D3-BF4B-00C04F79EFBC}") = "WellOptions", "WellOptions\WellOptions.csproj", "{8E3CBFEA-C1FA-B6FD-34BA-4E141ACDF818}"
EndProject
Project("{FAE04EC0-301F-11D3-BF4B-00C04F79EFBC}") = "AmmoOptions", "AmmoOptions\AmmoOptions.csproj", "{14D467AD-5ED7-981E-CEB0-C8D0A82DD8B9}"
EndProject
Project("{FAE04EC0-301F-11D3-BF4B-00C04F79EFBC}") = "SelectShrineReward", "SelectShrineReward\SelectShrineReward.csproj", "{D3E4748A-187D-BE89-31AE-6FEF4E73F60A}"
EndProject
Global
	GlobalSection(SolutionConfigurationPlatforms) = preSolution
		Debug|Any CPU = Debug|Any CPU
		Release|Any CPU = Release|Any CPU
	EndGlobalSection
	GlobalSection(ProjectConfigurationPlatforms) = postSolution
		{AE6E0646-EB8B-4987-A380-0C4FF1B9E380}.Debug|Any CPU.ActiveCfg = Debug|Any CPU
		{AE6E0646-EB8B-4987-A380-0C4FF1B9E380}.Debug|Any CPU.Build.0 = Debug|Any CPU
		{AE6E0646-EB8B-4987-A380-0C4FF1B9E380}.Release|Any CPU.ActiveCfg = Release|Any CPU
		{AE6E0646-EB8B-4987-A380-0C4FF1B9E380}.Release|Any CPU.Build.0 = Release|Any CPU
		{791F937E-9181-4171-8D5A-1409FDE4DD0B}.Debug|Any CPU.ActiveCfg = Debug|Any CPU
		{791F937E-9181-4171-8D5A-1409FDE4DD0B}.Debug|Any CPU.Build.0 = Debug|Any CPU
		{791F937E-9181-4171-8D5A-1409FDE4DD0B}.Release|Any CPU.ActiveCfg = Release|Any CPU
		{791F937E-9181-4171-8D5A-1409FDE4DD0B}.Release|Any CPU.Build.0 = Release|Any CPU
		{0E97FD3E-1C1D-475C-9545-42ABEF12AE66}.Debug|Any CPU.ActiveCfg = Debug|Any CPU
		{0E97FD3E-1C1D-475C-9545-42ABEF12AE66}.Debug|Any CPU.Build.0 = Debug|Any CPU
		{0E97FD3E-1C1D-475C-9545-42ABEF12AE66}.Release|Any CPU.ActiveCfg = Release|Any CPU
		{0E97FD3E-1C1D-475C-9545-42ABEF12AE66}.Release|Any CPU.Build.0 = Release|Any CPU
		{34CC627C-1D35-4872-A3BC-6E84D7655BB7}.Debug|Any CPU.ActiveCfg = Debug|Any CPU
		{34CC627C-1D35-4872-A3BC-6E84D7655BB7}.Debug|Any CPU.Build.0 = Debug|Any CPU
		{34CC627C-1D35-4872-A3BC-6E84D7655BB7}.Release|Any CPU.ActiveCfg = Release|Any CPU
		{34CC627C-1D35-4872-A3BC-6E84D7655BB7}.Release|Any CPU.Build.0 = Release|Any CPU
		{18FCA34D-C36F-4EFB-98B0-0F4FB75A1503}.Debug|Any CPU.ActiveCfg = Debug|Any CPU
		{18FCA34D-C36F-4EFB-98B0-0F4FB75A1503}.Debug|Any CPU.Build.0 = Debug|Any CPU
		{18FCA34D-C36F-4EFB-98B0-0F4FB75A1503}.Release|Any CPU.ActiveCfg = Release|Any CPU
		{18FCA34D-C36F-4EFB-98B0-0F4FB75A1503}.Release|Any CPU.Build.0 = Release|Any CPU
		{7C534396-A39A-CDA1-97EC-4F37877B6E10}.Debug|Any CPU.ActiveCfg = Debug|Any CPU
		{7C534396-A39A-CDA1-97EC-4F37877B6E10}.Debug|Any CPU.Build.0 = Debug|Any CPU
		{7C534396-A39A-CDA1-97EC-4F37877B6E10}.Release|Any CPU.ActiveCfg = Release|Any CPU
		{7C534396-A39A-CDA1-97EC-4F37877B6E10}.Release|Any CPU.Build.0 = Release|Any CPU
		{E21282B2-180A-813F-D249-079700AD3078}.Debug|Any CPU.ActiveCfg = Debug|Any CPU
		{E21282B2-180A-813F-D249-079700AD3078}.Debug|Any CPU.Build.0 = Debug|Any CPU
		{E21282B2-180A-813F-D249-079700AD3078}.Release|Any CPU.ActiveCfg = Release|Any CPU
		{E21282B2-180A-813F-D249-079700AD3078}.Release|Any CPU.Build.0 = Release|Any CPU
		{4231C2B0-5AEB-2EC9-2588-94FF03EC9E9D}.Debug|Any CPU.ActiveCfg = Debug|Any CPU
		{4231C2B0-5AEB-2EC9-2588-94FF03EC9E9D}.Debug|Any CPU.Build.0 = Debug|Any CPU
		{4231C2B0-5AEB-2EC9-2588-94FF03EC9E9D}.Release|Any CPU.ActiveCfg = Release|Any CPU
		{4231C2B0-5AEB-2EC9-2588-94FF03EC9E9D}.Release|Any CPU.Build.0 = Release|Any CPU
		{8B4F427B-B622-2AC7-E715-C618FF705527}.Debug|Any CPU.ActiveCfg = Debug|Any CPU
		{8B4F427B-B622-2AC7-E715-C618FF705527}.Debug|Any CPU.Build.0 = Debug|Any CPU
		{8B4F427B-B622-2AC7-E715-C618FF705527}.Release|Any CPU.ActiveCfg = Release|Any CPU
		{8B4F427B-B622-2AC7-E715-C618FF705527}.Release|Any CPU.Build.0 = Release|Any CPU
		{8E3CBFEA-C1FA-B6FD-34BA-4E141ACDF818}.Debug|Any CPU.ActiveCfg = Debug|Any CPU
		{8E3CBFEA-C1FA-B6FD-34BA-4E141ACDF818}.Debug|Any CPU.Build.0 = Debug|Any CPU
		{8E3CBFEA-C1FA-B6FD-34BA-4E141ACDF818}.Release|Any CPU.ActiveCfg = Release|Any CPU
		{8E3CBFEA-C1FA-B6FD-34BA-4E141ACDF818}.Release|Any CPU.Build.0 = Release|Any CPU
		{14D467AD-5ED7-981E-CEB0-C8D0A82DD8B9}.Debug|Any CPU.ActiveCfg = Debug|Any CPU
		{14D467AD-5ED7-981E-CEB0-C8D0A82DD8B9}.Debug|Any CPU.Build.0 = Debug|Any CPU
		{14D467AD-5ED7-981E-CEB0-C8D0A82DD8B9}.Release|Any CPU.ActiveCfg = Release|Any CPU
		{14D467AD-5ED7-981E-CEB0-C8D0A82DD8B9}.Release|Any CPU.Build.0 = Release|Any CPU
		{D3E4748A-187D-BE89-31AE-6FEF4E73F60A}.Debug|Any CPU.ActiveCfg = Debug|Any CPU
		{D3E4748A-187D-BE89-31AE-6FEF4E73F60A}.Debug|Any CPU.Build.0 = Debug|Any CPU
		{D3E4748A-187D-BE89-31AE-6FEF4E73F60A}.Release|Any CPU.ActiveCfg = Release|Any CPU
		{D3E4748A-187D-BE89-31AE-6FEF4E73F60A}.Release|Any CPU.Build.0 = Release|Any CPU
	EndGlobalSection
	GlobalSection(SolutionProperties) = preSolution
		HideSolutionNode = FALSE
	EndGlobalSection
	GlobalSection(ExtensibilityGlobals) = postSolution
		SolutionGuid = {6067C996-4C19-462F-806A-924F07810493}
	EndGlobalSection
EndGlobal
